# THIS IS AN AUTOGENERATED FILE. DO NOT EDIT THIS FILE DIRECTLY.
# yarn lockfile v1


node-gyp-build@^4.1.0:
  version "4.2.2"
  resolved "https://registry.yarnpkg.com/node-gyp-build/-/node-gyp-build-4.2.2.tgz#3f44b65adaafd42fb6c3d81afd630e45c847eb66"
  integrity sha512-Lqh7mrByWCM8Cf9UPqpeoVBBo5Ugx+RKu885GAzmLBVYjeywScxHXPGLa4JfYNZmcNGwzR0Glu5/9GaQZMFqyA==

zeromq@^6.0.0-beta.6:
  version "6.0.0-beta.6"
  resolved "https://registry.yarnpkg.com/zeromq/-/zeromq-6.0.0-beta.6.tgz#2b8934cafce735ea9007fd3074ec8aca9bf11204"
  integrity sha512-wLf6M7pBHijl+BRltUL2VoDpgbQcOZetiX8UzycHL8CcYFxYnRrpoG5fi3UX3+Umavz1lk4/dGaQez8qiDgr/Q==
  dependencies:
    node-gyp-build "^4.1.0"
